
Microsoft Visual Studio Solution File, Format Version 12.00
# Visual Studio Version 16
VisualStudioVersion = 16.0.29613.14
MinimumVisualStudioVersion = 10.0.40219.1
Project("{FAE04EC0-301F-11D3-BF4B-00C04F79EFBC}") = "FactoryPatternSampleWithDotNetCore", "FactoryPatternSampleWithDotNetCore\FactoryPatternSampleWithDotNetCore.csproj", "{317B4466-8F65-4F7B-A699-611EB7F0F1F3}"
EndProject
Global
	GlobalSection(SolutionConfigurationPlatforms) = preSolution
		Debug|Any CPU = Debug|Any CPU
		Release|Any CPU = Release|Any CPU
	EndGlobalSection
	GlobalSection(ProjectConfigurationPlatforms) = postSolution
		{317B4466-8F65-4F7B-A699-611EB7F0F1F3}.Debug|Any CPU.ActiveCfg = Debug|Any CPU
		{317B4466-8F65-4F7B-A699-611EB7F0F1F3}.Debug|Any CPU.Build.0 = Debug|Any CPU
		{317B4466-8F65-4F7B-A699-611EB7F0F1F3}.Release|Any CPU.ActiveCfg = Release|Any CPU
		{317B4466-8F65-4F7B-A699-611EB7F0F1F3}.Release|Any CPU.Build.0 = Release|Any CPU
	EndGlobalSection
	GlobalSection(SolutionProperties) = preSolution
		HideSolutionNode = FALSE
	EndGlobalSection
	GlobalSection(ExtensibilityGlobals) = postSolution
		SolutionGuid = {FE7869F6-D2DB-477E-8C97-D19B934F7197}
	EndGlobalSection
EndGlobal
